
Microsoft Visual Studio Solution File, Format Version 12.00
# Visual Studio Version 16
VisualStudioVersion = 16.0.31424.327
MinimumVisualStudioVersion = 10.0.40219.1
Project("{FAE04EC0-301F-11D3-BF4B-00C04F79EFBC}") = "EvenementsAPI", "EvenementsAPI\EvenementsAPI.csproj", "{615C0944-9BAF-46E1-9F32-2562DDED24DA}"
EndProject
Global
	GlobalSection(SolutionConfigurationPlatforms) = preSolution
		Debug|Any CPU = Debug|Any CPU
		Release|Any CPU = Release|Any CPU
	EndGlobalSection
	GlobalSection(ProjectConfigurationPlatforms) = postSolution
		{615C0944-9BAF-46E1-9F32-2562DDED24DA}.Debug|Any CPU.ActiveCfg = Debug|Any CPU
		{615C0944-9BAF-46E1-9F32-2562DDED24DA}.Debug|Any CPU.Build.0 = Debug|Any CPU
		{615C0944-9BAF-46E1-9F32-2562DDED24DA}.Release|Any CPU.ActiveCfg = Release|Any CPU
		{615C0944-9BAF-46E1-9F32-2562DDED24DA}.Release|Any CPU.Build.0 = Release|Any CPU
	EndGlobalSection
	GlobalSection(SolutionProperties) = preSolution
		HideSolutionNode = FALSE
	EndGlobalSection
	GlobalSection(ExtensibilityGlobals) = postSolution
		SolutionGuid = {E31582C2-14CE-405D-9B3E-D238A988A062}
	EndGlobalSection
EndGlobal
